
Microsoft Visual Studio Solution File, Format Version 12.00
# Visual Studio Version 17
VisualStudioVersion = 17.6.33829.357
MinimumVisualStudioVersion = 10.0.40219.1
Project("{FAE04EC0-301F-11D3-BF4B-00C04F79EFBC}") = "P02_FootballBetting", "P02_FootballBetting\P02_FootballBetting.csproj", "{2E9BC2B5-AE59-4281-9D92-D3F940930993}"
EndProject
Project("{FAE04EC0-301F-11D3-BF4B-00C04F79EFBC}") = "P02_FootballBetting.Data", "P02_FootballBetting.Data\P02_FootballBetting.Data.csproj", "{4B225A59-246B-409B-A64F-EC52C653831A}"
EndProject
Project("{FAE04EC0-301F-11D3-BF4B-00C04F79EFBC}") = "P02_FootballBetting.Data.Models", "P02_FootballBetting.Data.Models\P02_FootballBetting.Data.Models.csproj", "{9508F8B2-A079-4368-BDE6-98BF381C1B3A}"
EndProject
Project("{FAE04EC0-301F-11D3-BF4B-00C04F79EFBC}") = "P02_FootballBetting.Data.Common", "P02_FootballBetting.Data.Common\P02_FootballBetting.Data.Common.csproj", "{BB136AD7-FF64-4181-8397-B1DCA7E47011}"
EndProject
Global
	GlobalSection(SolutionConfigurationPlatforms) = preSolution
		Debug|Any CPU = Debug|Any CPU
		Release|Any CPU = Release|Any CPU
	EndGlobalSection
	GlobalSection(ProjectConfigurationPlatforms) = postSolution
		{2E9BC2B5-AE59-4281-9D92-D3F940930993}.Debug|Any CPU.ActiveCfg = Debug|Any CPU
		{2E9BC2B5-AE59-4281-9D92-D3F940930993}.Debug|Any CPU.Build.0 = Debug|Any CPU
		{2E9BC2B5-AE59-4281-9D92-D3F940930993}.Release|Any CPU.ActiveCfg = Release|Any CPU
		{2E9BC2B5-AE59-4281-9D92-D3F940930993}.Release|Any CPU.Build.0 = Release|Any CPU
		{4B225A59-246B-409B-A64F-EC52C653831A}.Debug|Any CPU.ActiveCfg = Debug|Any CPU
		{4B225A59-246B-409B-A64F-EC52C653831A}.Debug|Any CPU.Build.0 = Debug|Any CPU
		{4B225A59-246B-409B-A64F-EC52C653831A}.Release|Any CPU.ActiveCfg = Release|Any CPU
		{4B225A59-246B-409B-A64F-EC52C653831A}.Release|Any CPU.Build.0 = Release|Any CPU
		{9508F8B2-A079-4368-BDE6-98BF381C1B3A}.Debug|Any CPU.ActiveCfg = Debug|Any CPU
		{9508F8B2-A079-4368-BDE6-98BF381C1B3A}.Debug|Any CPU.Build.0 = Debug|Any CPU
		{9508F8B2-A079-4368-BDE6-98BF381C1B3A}.Release|Any CPU.ActiveCfg = Release|Any CPU
		{9508F8B2-A079-4368-BDE6-98BF381C1B3A}.Release|Any CPU.Build.0 = Release|Any CPU
		{BB136AD7-FF64-4181-8397-B1DCA7E47011}.Debug|Any CPU.ActiveCfg = Debug|Any CPU
		{BB136AD7-FF64-4181-8397-B1DCA7E47011}.Debug|Any CPU.Build.0 = Debug|Any CPU
		{BB136AD7-FF64-4181-8397-B1DCA7E47011}.Release|Any CPU.ActiveCfg = Release|Any CPU
		{BB136AD7-FF64-4181-8397-B1DCA7E47011}.Release|Any CPU.Build.0 = Release|Any CPU
	EndGlobalSection
	GlobalSection(SolutionProperties) = preSolution
		HideSolutionNode = FALSE
	EndGlobalSection
	GlobalSection(ExtensibilityGlobals) = postSolution
		SolutionGuid = {7CB585CC-8D91-4F3C-A810-26FB6B485A30}
	EndGlobalSection
EndGlobal
