
Microsoft Visual Studio Solution File, Format Version 12.00
# Visual Studio Version 17
VisualStudioVersion = 17.6.33829.357
MinimumVisualStudioVersion = 10.0.40219.1
Project("{FAE04EC0-301F-11D3-BF4B-00C04F79EFBC}") = "ForumApp", "ForumApp\ForumApp.csproj", "{B190A23F-0CA3-4B7F-9B32-F6DE6E43BDAC}"
EndProject
Global
	GlobalSection(SolutionConfigurationPlatforms) = preSolution
		Debug|Any CPU = Debug|Any CPU
		Release|Any CPU = Release|Any CPU
	EndGlobalSection
	GlobalSection(ProjectConfigurationPlatforms) = postSolution
		{B190A23F-0CA3-4B7F-9B32-F6DE6E43BDAC}.Debug|Any CPU.ActiveCfg = Debug|Any CPU
		{B190A23F-0CA3-4B7F-9B32-F6DE6E43BDAC}.Debug|Any CPU.Build.0 = Debug|Any CPU
		{B190A23F-0CA3-4B7F-9B32-F6DE6E43BDAC}.Release|Any CPU.ActiveCfg = Release|Any CPU
		{B190A23F-0CA3-4B7F-9B32-F6DE6E43BDAC}.Release|Any CPU.Build.0 = Release|Any CPU
	EndGlobalSection
	GlobalSection(SolutionProperties) = preSolution
		HideSolutionNode = FALSE
	EndGlobalSection
	GlobalSection(ExtensibilityGlobals) = postSolution
		SolutionGuid = {E378CF9B-969E-4787-84E4-4506BD2D7E80}
	EndGlobalSection
EndGlobal
