
Microsoft Visual Studio Solution File, Format Version 12.00
# Visual Studio Version 17
VisualStudioVersion = 17.6.33829.357
MinimumVisualStudioVersion = 10.0.40219.1
Project("{9A19103F-16F7-4668-BE54-9A1E7A4F7556}") = "P01_StudentSystem", "P01_StudentSystem\P01_StudentSystem.csproj", "{8E7D05AB-A010-496B-9BE2-9CEBC03D3B60}"
EndProject
Project("{9A19103F-16F7-4668-BE54-9A1E7A4F7556}") = "P01_StudentSystem.Data", "P01_StudentSystem.Data\P01_StudentSystem.Data.csproj", "{A1D5848E-F546-459E-AA38-BCD647602FEF}"
EndProject
Project("{9A19103F-16F7-4668-BE54-9A1E7A4F7556}") = "P01_StudentSystem.Data.Models", "P01_StudentSystem.Data.Models\P01_StudentSystem.Data.Models.csproj", "{6C5DF95F-CF58-42EA-990D-D5F42E01C76C}"
EndProject
Project("{FAE04EC0-301F-11D3-BF4B-00C04F79EFBC}") = "TestProject1", "TestProject1\TestProject1.csproj", "{6C9AB0DC-B696-459D-AE55-F00C96848407}"
EndProject
Global
	GlobalSection(SolutionConfigurationPlatforms) = preSolution
		Debug|Any CPU = Debug|Any CPU
		Release|Any CPU = Release|Any CPU
	EndGlobalSection
	GlobalSection(ProjectConfigurationPlatforms) = postSolution
		{8E7D05AB-A010-496B-9BE2-9CEBC03D3B60}.Debug|Any CPU.ActiveCfg = Debug|Any CPU
		{8E7D05AB-A010-496B-9BE2-9CEBC03D3B60}.Debug|Any CPU.Build.0 = Debug|Any CPU
		{8E7D05AB-A010-496B-9BE2-9CEBC03D3B60}.Release|Any CPU.ActiveCfg = Release|Any CPU
		{8E7D05AB-A010-496B-9BE2-9CEBC03D3B60}.Release|Any CPU.Build.0 = Release|Any CPU
		{A1D5848E-F546-459E-AA38-BCD647602FEF}.Debug|Any CPU.ActiveCfg = Debug|Any CPU
		{A1D5848E-F546-459E-AA38-BCD647602FEF}.Debug|Any CPU.Build.0 = Debug|Any CPU
		{A1D5848E-F546-459E-AA38-BCD647602FEF}.Release|Any CPU.ActiveCfg = Release|Any CPU
		{A1D5848E-F546-459E-AA38-BCD647602FEF}.Release|Any CPU.Build.0 = Release|Any CPU
		{6C5DF95F-CF58-42EA-990D-D5F42E01C76C}.Debug|Any CPU.ActiveCfg = Debug|Any CPU
		{6C5DF95F-CF58-42EA-990D-D5F42E01C76C}.Debug|Any CPU.Build.0 = Debug|Any CPU
		{6C5DF95F-CF58-42EA-990D-D5F42E01C76C}.Release|Any CPU.ActiveCfg = Release|Any CPU
		{6C5DF95F-CF58-42EA-990D-D5F42E01C76C}.Release|Any CPU.Build.0 = Release|Any CPU
		{6C9AB0DC-B696-459D-AE55-F00C96848407}.Debug|Any CPU.ActiveCfg = Debug|Any CPU
		{6C9AB0DC-B696-459D-AE55-F00C96848407}.Debug|Any CPU.Build.0 = Debug|Any CPU
		{6C9AB0DC-B696-459D-AE55-F00C96848407}.Release|Any CPU.ActiveCfg = Release|Any CPU
		{6C9AB0DC-B696-459D-AE55-F00C96848407}.Release|Any CPU.Build.0 = Release|Any CPU
	EndGlobalSection
	GlobalSection(SolutionProperties) = preSolution
		HideSolutionNode = FALSE
	EndGlobalSection
	GlobalSection(ExtensibilityGlobals) = postSolution
		SolutionGuid = {F055DE4D-2EC0-4D6C-AA8F-E26E5522CADE}
	EndGlobalSection
EndGlobal
